
Microsoft Visual Studio Solution File, Format Version 12.00
# Visual Studio Version 16
VisualStudioVersion = 16.0.30621.155
MinimumVisualStudioVersion = 10.0.40219.1
Project("{FAE04EC0-301F-11D3-BF4B-00C04F79EFBC}") = "Email_Notification", "Email_Notification\Email_Notification.csproj", "{ECDEFF10-0D29-403E-933F-15587A48D88E}"
EndProject
Global
	GlobalSection(SolutionConfigurationPlatforms) = preSolution
		Debug|Any CPU = Debug|Any CPU
		Release|Any CPU = Release|Any CPU
	EndGlobalSection
	GlobalSection(ProjectConfigurationPlatforms) = postSolution
		{ECDEFF10-0D29-403E-933F-15587A48D88E}.Debug|Any CPU.ActiveCfg = Debug|Any CPU
		{ECDEFF10-0D29-403E-933F-15587A48D88E}.Debug|Any CPU.Build.0 = Debug|Any CPU
		{ECDEFF10-0D29-403E-933F-15587A48D88E}.Release|Any CPU.ActiveCfg = Release|Any CPU
		{ECDEFF10-0D29-403E-933F-15587A48D88E}.Release|Any CPU.Build.0 = Release|Any CPU
	EndGlobalSection
	GlobalSection(SolutionProperties) = preSolution
		HideSolutionNode = FALSE
	EndGlobalSection
	GlobalSection(ExtensibilityGlobals) = postSolution
		SolutionGuid = {50185722-74B7-4CE9-AA97-E89FFBFCE6AE}
	EndGlobalSection
EndGlobal
